
Microsoft Visual Studio Solution File, Format Version 12.00
# Visual Studio Version 16
VisualStudioVersion = 16.0.30717.126
MinimumVisualStudioVersion = 10.0.40219.1
Project("{8BC9CEB8-8B4A-11D0-8D11-00A0C91BC942}") = "Assembly_Project", "Assembly_Project\Assembly_Project.vcxproj", "{A571B97F-FF06-4CFE-9B43-376A30642066}"
EndProject
Global
	GlobalSection(SolutionConfigurationPlatforms) = preSolution
		Debug|x64 = Debug|x64
		Debug|x86 = Debug|x86
		Release|x64 = Release|x64
		Release|x86 = Release|x86
	EndGlobalSection
	GlobalSection(ProjectConfigurationPlatforms) = postSolution
		{A571B97F-FF06-4CFE-9B43-376A30642066}.Debug|x64.ActiveCfg = Debug|x64
		{A571B97F-FF06-4CFE-9B43-376A30642066}.Debug|x64.Build.0 = Debug|x64
		{A571B97F-FF06-4CFE-9B43-376A30642066}.Debug|x86.ActiveCfg = Debug|Win32
		{A571B97F-FF06-4CFE-9B43-376A30642066}.Debug|x86.Build.0 = Debug|Win32
		{A571B97F-FF06-4CFE-9B43-376A30642066}.Release|x64.ActiveCfg = Release|x64
		{A571B97F-FF06-4CFE-9B43-376A30642066}.Release|x64.Build.0 = Release|x64
		{A571B97F-FF06-4CFE-9B43-376A30642066}.Release|x86.ActiveCfg = Release|Win32
		{A571B97F-FF06-4CFE-9B43-376A30642066}.Release|x86.Build.0 = Release|Win32
	EndGlobalSection
	GlobalSection(SolutionProperties) = preSolution
		HideSolutionNode = FALSE
	EndGlobalSection
	GlobalSection(ExtensibilityGlobals) = postSolution
		SolutionGuid = {1A5E7773-2299-4648-8D05-BF4774924EAC}
	EndGlobalSection
EndGlobal
